PODS:
  - Alamofire (5.6.1)
  - Atributika (4.10.1)
  - IGListDiffKit (4.0.0)
  - IGListKit (4.0.0):
    - IGListDiffKit (= 4.0.0)
  - Kingfisher (7.3.0)
  - PinLayout (1.10.3)
  - SkeletonView (1.25.2)
  - SnapKit (5.6.0)
  - StickerFaceSDK (0.9.0):
    - Alamofire
    - Atributika
    - IGListKit
    - Kingfisher
    - PinLayout
    - SkeletonView (~> 1.25.1)
    - SnapKit
    - TelegramStickersImport
  - TelegramStickersImport (1.1.0)

DEPENDENCIES:
  - StickerFaceSDK (from `../`)

SPEC REPOS:
  trunk:
    - Alamofire
    - Atributika
    - IGListDiffKit
    - IGListKit
    - Kingfisher
    - PinLayout
    - SkeletonView
    - SnapKit
    - TelegramStickersImport

EXTERNAL SOURCES:
  StickerFaceSDK:
    :path: "../"

SPEC CHECKSUMS:
  Alamofire: 87bd8c952f9a4454320fce00d9cc3de57bcadaf5
  Atributika: 47e778507cfb3cd2c996278b0285221a62e97d71
  IGListDiffKit: 665d6cf43ce726e676013db9c7d6c4294259b6b2
  IGListKit: fd5a5d21935298f5849fa49d426843cff97b77c7
  Kingfisher: cdb1189a9223b1bc028816bd47c8b8101a58831c
  PinLayout: 0090ccbf29ae69af6ae5a15eaeaf27ed7b2c4d83
  SkeletonView: 820b2bbd180d7408f3f03b6462cfc3cac39d2ef2
  SnapKit: e01d52ebb8ddbc333eefe2132acf85c8227d9c25
  StickerFaceSDK: b57ebc8cc792882b9deac99ecc770c375e6c9ac1
  TelegramStickersImport: e0e79a382bd41ff748fa107f3604c25f0a934ee5

PODFILE CHECKSUM: 4adb15f298cf63eb6d644efedb0f1cb089eed1f0

COCOAPODS: 1.11.2
