PODS:
  - Atributika (4.10.1)
  - SnapKit (5.0.1)
  - StikerFace (0.1.1):
    - Atributika
    - SnapKit

DEPENDENCIES:
  - StikerFace (from `../`)

SPEC REPOS:
  trunk:
    - Atributika
    - SnapKit

EXTERNAL SOURCES:
  StikerFace:
    :path: "../"

SPEC CHECKSUMS:
  Atributika: 47e778507cfb3cd2c996278b0285221a62e97d71
  SnapKit: 97b92857e3df3a0c71833cce143274bf6ef8e5eb
  StikerFace: c48068ce8865508e5cb34ed5809962d016ee71b8

PODFILE CHECKSUM: 610918665c70915182b927ab82d5549618909399

COCOAPODS: 1.11.3
